// !$*UTF8*$!
{
	archiveVersion = 1;
	classes = {
	};
	objectVersion = 56;
	objects = {

/* Begin PBXBuildFile section */
		17A4DC082BDA848600DB5543 /* Alamofire in Frameworks */ = {isa = PBXBuildFile; productRef = 17A4DC072BDA848600DB5543 /* Alamofire */; };
		17A4DC0A2BDA848600DB5543 /* AlamofireDynamic in Frameworks */ = {isa = PBXBuildFile; productRef = 17A4DC092BDA848600DB5543 /* AlamofireDynamic */; };
		17A4DC0D2BDA851100DB5543 /* ProgressHUD in Frameworks */ = {isa = PBXBuildFile; productRef = 17A4DC0C2BDA851100DB5543 /* ProgressHUD */; };
		17A4DC102BDA869800DB5543 /* Realm in Frameworks */ = {isa = PBXBuildFile; productRef = 17A4DC0F2BDA869800DB5543 /* Realm */; };
		17A4DC122BDA869800DB5543 /* RealmSwift in Frameworks */ = {isa = PBXBuildFile; productRef = 17A4DC112BDA869800DB5543 /* RealmSwift */; };
		17A4DC152BDA87F900DB5543 /* YouTubeiOSPlayerHelper in Frameworks */ = {isa = PBXBuildFile; productRef = 17A4DC142BDA87F900DB5543 /* YouTubeiOSPlayerHelper */; };
		17A4DC182BDA887700DB5543 /* SDWebImage in Frameworks */ = {isa = PBXBuildFile; productRef = 17A4DC172BDA887700DB5543 /* SDWebImage */; };
		17A4DC1A2BDA887700DB5543 /* SDWebImageMapKit in Frameworks */ = {isa = PBXBuildFile; productRef = 17A4DC192BDA887700DB5543 /* SDWebImageMapKit */; };
		17A4DC1B2BDA8C2A00DB5543 /* AlamofireDynamic in Embed Frameworks */ = {isa = PBXBuildFile; productRef = 17A4DC092BDA848600DB5543 /* AlamofireDynamic */; };
		17C603872BD96323002258EB /* DateFormatting.swift in Sources */ = {isa = PBXBuildFile; fileRef = 17C603862BD96323002258EB /* DateFormatting.swift */; };
		17D913482BC3FF7F0018CBE1 /* AppDelegate.swift in Sources */ = {isa = PBXBuildFile; fileRef = 17D913472BC3FF7F0018CBE1 /* AppDelegate.swift */; };
		17D9134A2BC3FF7F0018CBE1 /* SceneDelegate.swift in Sources */ = {isa = PBXBuildFile; fileRef = 17D913492BC3FF7F0018CBE1 /* SceneDelegate.swift */; };
		17D913512BC3FF800018CBE1 /* Assets.xcassets in Resources */ = {isa = PBXBuildFile; fileRef = 17D913502BC3FF800018CBE1 /* Assets.xcassets */; };
		17D913542BC3FF800018CBE1 /* Base in Resources */ = {isa = PBXBuildFile; fileRef = 17D913532BC3FF800018CBE1 /* Base */; };
		17D913732BC4007F0018CBE1 /* Coordinator.swift in Sources */ = {isa = PBXBuildFile; fileRef = 17D913722BC4007F0018CBE1 /* Coordinator.swift */; };
		17D913752BC4008D0018CBE1 /* MediaCoordinator.swift in Sources */ = {isa = PBXBuildFile; fileRef = 17D913742BC4008D0018CBE1 /* MediaCoordinator.swift */; };
		17D913782BC400DC0018CBE1 /* NetworkService.swift in Sources */ = {isa = PBXBuildFile; fileRef = 17D913772BC400DC0018CBE1 /* NetworkService.swift */; };
		17D9137D2BC405560018CBE1 /* FavoritesTableViewController.swift in Sources */ = {isa = PBXBuildFile; fileRef = 17D9137C2BC405560018CBE1 /* FavoritesTableViewController.swift */; };
		17D9137F2BC4056D0018CBE1 /* FavoritesTableViewController.storyboard in Resources */ = {isa = PBXBuildFile; fileRef = 17D9137E2BC4056D0018CBE1 /* FavoritesTableViewController.storyboard */; };
		17D913832BC405AA0018CBE1 /* MovieTVShowViewController.storyboard in Resources */ = {isa = PBXBuildFile; fileRef = 17D913822BC405AA0018CBE1 /* MovieTVShowViewController.storyboard */; };
		17D913892BC406500018CBE1 /* UIViewController+Storyboarded.swift in Sources */ = {isa = PBXBuildFile; fileRef = 17D913882BC406500018CBE1 /* UIViewController+Storyboarded.swift */; };
		17D913912BC4093D0018CBE1 /* Movie.swift in Sources */ = {isa = PBXBuildFile; fileRef = 17D913902BC4093D0018CBE1 /* Movie.swift */; };
		17D913942BC412E60018CBE1 /* MovieTVShowTableViewCell.xib in Resources */ = {isa = PBXBuildFile; fileRef = 17D913932BC412E60018CBE1 /* MovieTVShowTableViewCell.xib */; };
		17D913952BC412E60018CBE1 /* MovieTVShowTableViewCell.swift in Sources */ = {isa = PBXBuildFile; fileRef = 17D913922BC412E60018CBE1 /* MovieTVShowTableViewCell.swift */; };
		17D913972BC415180018CBE1 /* UIView+CornerRadius.swift in Sources */ = {isa = PBXBuildFile; fileRef = 17D913962BC415180018CBE1 /* UIView+CornerRadius.swift */; };
		17D9139A2BC416C50018CBE1 /* UIImageView+Load.swift in Sources */ = {isa = PBXBuildFile; fileRef = 17D913992BC416C50018CBE1 /* UIImageView+Load.swift */; };
		17D9139C2BC418DF0018CBE1 /* UITableView+Register.swift in Sources */ = {isa = PBXBuildFile; fileRef = 17D9139B2BC418DF0018CBE1 /* UITableView+Register.swift */; };
		17D913A12BC41A680018CBE1 /* MovieDetailsViewController.swift in Sources */ = {isa = PBXBuildFile; fileRef = 17D913A02BC41A680018CBE1 /* MovieDetailsViewController.swift */; };
		17D913A52BC4227E0018CBE1 /* MovieTVShowViewController.swift in Sources */ = {isa = PBXBuildFile; fileRef = 17D913A42BC4227E0018CBE1 /* MovieTVShowViewController.swift */; };
		17D913A92BC4294E0018CBE1 /* StorageService.swift in Sources */ = {isa = PBXBuildFile; fileRef = 17D913A82BC4294E0018CBE1 /* StorageService.swift */; };
		17D913AB2BC429A70018CBE1 /* DBMovie.swift in Sources */ = {isa = PBXBuildFile; fileRef = 17D913AA2BC429A70018CBE1 /* DBMovie.swift */; };
		17D913AD2BC42B8D0018CBE1 /* StorageError.swift in Sources */ = {isa = PBXBuildFile; fileRef = 17D913AC2BC42B8D0018CBE1 /* StorageError.swift */; };
		17D913B12BC44EA90018CBE1 /* TabBarPage.swift in Sources */ = {isa = PBXBuildFile; fileRef = 17D913B02BC44EA90018CBE1 /* TabBarPage.swift */; };
		17D913B32BC4515F0018CBE1 /* TabCoordinator.swift in Sources */ = {isa = PBXBuildFile; fileRef = 17D913B22BC4515F0018CBE1 /* TabCoordinator.swift */; };
		17D913B52BC457260018CBE1 /* MovieDetails.swift in Sources */ = {isa = PBXBuildFile; fileRef = 17D913B42BC457260018CBE1 /* MovieDetails.swift */; };
		17D913B72BC465990018CBE1 /* FavoritesCoordinator.swift in Sources */ = {isa = PBXBuildFile; fileRef = 17D913B62BC465990018CBE1 /* FavoritesCoordinator.swift */; };
		17D913B92BC52D400018CBE1 /* TVShow.swift in Sources */ = {isa = PBXBuildFile; fileRef = 17D913B82BC52D400018CBE1 /* TVShow.swift */; };
		17D913BE2BC687EC0018CBE1 /* DBTVShow.swift in Sources */ = {isa = PBXBuildFile; fileRef = 17D913BD2BC687EC0018CBE1 /* DBTVShow.swift */; };
		17D913C62BC6D1E90018CBE1 /* TVShowDetailsViewController.swift in Sources */ = {isa = PBXBuildFile; fileRef = 17D913C52BC6D1E90018CBE1 /* TVShowDetailsViewController.swift */; };
		17D913C82BC6D2080018CBE1 /* TVShowDetailsViewController.storyboard in Resources */ = {isa = PBXBuildFile; fileRef = 17D913C72BC6D2080018CBE1 /* TVShowDetailsViewController.storyboard */; };
		17D913F42BCE7CCC0018CBE1 /* DetailsHeaderView.swift in Sources */ = {isa = PBXBuildFile; fileRef = 17D913F32BCE7CCC0018CBE1 /* DetailsHeaderView.swift */; };
		17D913F62BCE7D0D0018CBE1 /* DetailsHeaderView.xib in Resources */ = {isa = PBXBuildFile; fileRef = 17D913F52BCE7D0D0018CBE1 /* DetailsHeaderView.xib */; };
		17D913F82BCE80B20018CBE1 /* UIView+LoadXib.swift in Sources */ = {isa = PBXBuildFile; fileRef = 17D913F72BCE80B20018CBE1 /* UIView+LoadXib.swift */; };
		17D914022BCE92A20018CBE1 /* MovieDetailsViewController.storyboard in Resources */ = {isa = PBXBuildFile; fileRef = 17D914012BCE92A20018CBE1 /* MovieDetailsViewController.storyboard */; };
		17D914042BCECE6C0018CBE1 /* Endpoint.swift in Sources */ = {isa = PBXBuildFile; fileRef = 17D914032BCECE6C0018CBE1 /* Endpoint.swift */; };
		17D914062BCEE3180018CBE1 /* TVShowDetails.swift in Sources */ = {isa = PBXBuildFile; fileRef = 17D914052BCEE3180018CBE1 /* TVShowDetails.swift */; };
		17D9140A2BCEE9720018CBE1 /* TrailerDetailCell.xib in Resources */ = {isa = PBXBuildFile; fileRef = 17D914092BCEE9710018CBE1 /* TrailerDetailCell.xib */; };
		17D9140D2BCEEC9E0018CBE1 /* TrailerDetailCell.swift in Sources */ = {isa = PBXBuildFile; fileRef = 17D9140C2BCEEC9E0018CBE1 /* TrailerDetailCell.swift */; };
/* End PBXBuildFile section */

/* Begin PBXCopyFilesBuildPhase section */
		17A4DC1C2BDA8C2A00DB5543 /* Embed Frameworks */ = {
			isa = PBXCopyFilesBuildPhase;
			buildActionMask = 2147483647;
			dstPath = "";
			dstSubfolderSpec = 10;
			files = (
				17A4DC1B2BDA8C2A00DB5543 /* AlamofireDynamic in Embed Frameworks */,
			);
			name = "Embed Frameworks";
			runOnlyForDeploymentPostprocessing = 0;
		};
/* End PBXCopyFilesBuildPhase section */

/* Begin PBXFileReference section */
		17C603862BD96323002258EB /* DateFormatting.swift */ = {isa = PBXFileReference; lastKnownFileType = sourcecode.swift; path = DateFormatting.swift; sourceTree = "<group>"; };
		17D913442BC3FF7F0018CBE1 /* MovieTVShowApp.app */ = {isa = PBXFileReference; explicitFileType = wrapper.application; includeInIndex = 0; path = MovieTVShowApp.app; sourceTree = BUILT_PRODUCTS_DIR; };
		17D913472BC3FF7F0018CBE1 /* AppDelegate.swift */ = {isa = PBXFileReference; lastKnownFileType = sourcecode.swift; path = AppDelegate.swift; sourceTree = "<group>"; };
		17D913492BC3FF7F0018CBE1 /* SceneDelegate.swift */ = {isa = PBXFileReference; lastKnownFileType = sourcecode.swift; path = SceneDelegate.swift; sourceTree = "<group>"; };
		17D913502BC3FF800018CBE1 /* Assets.xcassets */ = {isa = PBXFileReference; lastKnownFileType = folder.assetcatalog; path = Assets.xcassets; sourceTree = "<group>"; };
		17D913532BC3FF800018CBE1 /* Base */ = {isa = PBXFileReference; lastKnownFileType = file.storyboard; name = Base; path = Base.lproj/LaunchScreen.storyboard; sourceTree = "<group>"; };
		17D913552BC3FF800018CBE1 /* Info.plist */ = {isa = PBXFileReference; lastKnownFileType = text.plist.xml; path = Info.plist; sourceTree = "<group>"; };
		17D913722BC4007F0018CBE1 /* Coordinator.swift */ = {isa = PBXFileReference; lastKnownFileType = sourcecode.swift; path = Coordinator.swift; sourceTree = "<group>"; };
		17D913742BC4008D0018CBE1 /* MediaCoordinator.swift */ = {isa = PBXFileReference; lastKnownFileType = sourcecode.swift; path = MediaCoordinator.swift; sourceTree = "<group>"; };
		17D913772BC400DC0018CBE1 /* NetworkService.swift */ = {isa = PBXFileReference; lastKnownFileType = sourcecode.swift; path = NetworkService.swift; sourceTree = "<group>"; };
		17D9137C2BC405560018CBE1 /* FavoritesTableViewController.swift */ = {isa = PBXFileReference; lastKnownFileType = sourcecode.swift; path = FavoritesTableViewController.swift; sourceTree = "<group>"; };
		17D9137E2BC4056D0018CBE1 /* FavoritesTableViewController.storyboard */ = {isa = PBXFileReference; lastKnownFileType = file.storyboard; path = FavoritesTableViewController.storyboard; sourceTree = "<group>"; };
		17D913822BC405AA0018CBE1 /* MovieTVShowViewController.storyboard */ = {isa = PBXFileReference; lastKnownFileType = file.storyboard; path = MovieTVShowViewController.storyboard; sourceTree = "<group>"; };
		17D913882BC406500018CBE1 /* UIViewController+Storyboarded.swift */ = {isa = PBXFileReference; lastKnownFileType = sourcecode.swift; path = "UIViewController+Storyboarded.swift"; sourceTree = "<group>"; };
		17D913902BC4093D0018CBE1 /* Movie.swift */ = {isa = PBXFileReference; lastKnownFileType = sourcecode.swift; path = Movie.swift; sourceTree = "<group>"; };
		17D913922BC412E60018CBE1 /* MovieTVShowTableViewCell.swift */ = {isa = PBXFileReference; lastKnownFileType = sourcecode.swift; path = MovieTVShowTableViewCell.swift; sourceTree = "<group>"; };
		17D913932BC412E60018CBE1 /* MovieTVShowTableViewCell.xib */ = {isa = PBXFileReference; lastKnownFileType = file.xib; path = MovieTVShowTableViewCell.xib; sourceTree = "<group>"; };
		17D913962BC415180018CBE1 /* UIView+CornerRadius.swift */ = {isa = PBXFileReference; lastKnownFileType = sourcecode.swift; path = "UIView+CornerRadius.swift"; sourceTree = "<group>"; };
		17D913992BC416C50018CBE1 /* UIImageView+Load.swift */ = {isa = PBXFileReference; lastKnownFileType = sourcecode.swift; path = "UIImageView+Load.swift"; sourceTree = "<group>"; };
		17D9139B2BC418DF0018CBE1 /* UITableView+Register.swift */ = {isa = PBXFileReference; lastKnownFileType = sourcecode.swift; path = "UITableView+Register.swift"; sourceTree = "<group>"; };
		17D913A02BC41A680018CBE1 /* MovieDetailsViewController.swift */ = {isa = PBXFileReference; lastKnownFileType = sourcecode.swift; path = MovieDetailsViewController.swift; sourceTree = "<group>"; };
		17D913A42BC4227E0018CBE1 /* MovieTVShowViewController.swift */ = {isa = PBXFileReference; lastKnownFileType = sourcecode.swift; path = MovieTVShowViewController.swift; sourceTree = "<group>"; };
		17D913A82BC4294E0018CBE1 /* StorageService.swift */ = {isa = PBXFileReference; lastKnownFileType = sourcecode.swift; path = StorageService.swift; sourceTree = "<group>"; };
		17D913AA2BC429A70018CBE1 /* DBMovie.swift */ = {isa = PBXFileReference; lastKnownFileType = sourcecode.swift; path = DBMovie.swift; sourceTree = "<group>"; };
		17D913AC2BC42B8D0018CBE1 /* StorageError.swift */ = {isa = PBXFileReference; lastKnownFileType = sourcecode.swift; path = StorageError.swift; sourceTree = "<group>"; };
		17D913B02BC44EA90018CBE1 /* TabBarPage.swift */ = {isa = PBXFileReference; lastKnownFileType = sourcecode.swift; path = TabBarPage.swift; sourceTree = "<group>"; };
		17D913B22BC4515F0018CBE1 /* TabCoordinator.swift */ = {isa = PBXFileReference; lastKnownFileType = sourcecode.swift; path = TabCoordinator.swift; sourceTree = "<group>"; };
		17D913B42BC457260018CBE1 /* MovieDetails.swift */ = {isa = PBXFileReference; lastKnownFileType = sourcecode.swift; path = MovieDetails.swift; sourceTree = "<group>"; };
		17D913B62BC465990018CBE1 /* FavoritesCoordinator.swift */ = {isa = PBXFileReference; lastKnownFileType = sourcecode.swift; path = FavoritesCoordinator.swift; sourceTree = "<group>"; };
		17D913B82BC52D400018CBE1 /* TVShow.swift */ = {isa = PBXFileReference; lastKnownFileType = sourcecode.swift; path = TVShow.swift; sourceTree = "<group>"; };
		17D913BD2BC687EC0018CBE1 /* DBTVShow.swift */ = {isa = PBXFileReference; lastKnownFileType = sourcecode.swift; path = DBTVShow.swift; sourceTree = "<group>"; };
		17D913C52BC6D1E90018CBE1 /* TVShowDetailsViewController.swift */ = {isa = PBXFileReference; lastKnownFileType = sourcecode.swift; path = TVShowDetailsViewController.swift; sourceTree = "<group>"; };
		17D913C72BC6D2080018CBE1 /* TVShowDetailsViewController.storyboard */ = {isa = PBXFileReference; lastKnownFileType = file.storyboard; path = TVShowDetailsViewController.storyboard; sourceTree = "<group>"; };
		17D913F32BCE7CCC0018CBE1 /* DetailsHeaderView.swift */ = {isa = PBXFileReference; lastKnownFileType = sourcecode.swift; path = DetailsHeaderView.swift; sourceTree = "<group>"; };
		17D913F52BCE7D0D0018CBE1 /* DetailsHeaderView.xib */ = {isa = PBXFileReference; lastKnownFileType = file.xib; path = DetailsHeaderView.xib; sourceTree = "<group>"; };
		17D913F72BCE80B20018CBE1 /* UIView+LoadXib.swift */ = {isa = PBXFileReference; lastKnownFileType = sourcecode.swift; path = "UIView+LoadXib.swift"; sourceTree = "<group>"; };
		17D914012BCE92A20018CBE1 /* MovieDetailsViewController.storyboard */ = {isa = PBXFileReference; lastKnownFileType = file.storyboard; path = MovieDetailsViewController.storyboard; sourceTree = "<group>"; };
		17D914032BCECE6C0018CBE1 /* Endpoint.swift */ = {isa = PBXFileReference; lastKnownFileType = sourcecode.swift; path = Endpoint.swift; sourceTree = "<group>"; };
		17D914052BCEE3180018CBE1 /* TVShowDetails.swift */ = {isa = PBXFileReference; lastKnownFileType = sourcecode.swift; path = TVShowDetails.swift; sourceTree = "<group>"; };
		17D914092BCEE9710018CBE1 /* TrailerDetailCell.xib */ = {isa = PBXFileReference; lastKnownFileType = file.xib; path = TrailerDetailCell.xib; sourceTree = "<group>"; };
		17D9140C2BCEEC9E0018CBE1 /* TrailerDetailCell.swift */ = {isa = PBXFileReference; lastKnownFileType = sourcecode.swift; path = TrailerDetailCell.swift; sourceTree = "<group>"; };
/* End PBXFileReference section */

/* Begin PBXFrameworksBuildPhase section */
		17D913412BC3FF7F0018CBE1 /* Frameworks */ = {
			isa = PBXFrameworksBuildPhase;
			buildActionMask = 2147483647;
			files = (
				17A4DC0D2BDA851100DB5543 /* ProgressHUD in Frameworks */,
				17A4DC082BDA848600DB5543 /* Alamofire in Frameworks */,
				17A4DC102BDA869800DB5543 /* Realm in Frameworks */,
				17A4DC182BDA887700DB5543 /* SDWebImage in Frameworks */,
				17A4DC122BDA869800DB5543 /* RealmSwift in Frameworks */,
				17A4DC0A2BDA848600DB5543 /* AlamofireDynamic in Frameworks */,
				17A4DC1A2BDA887700DB5543 /* SDWebImageMapKit in Frameworks */,
				17A4DC152BDA87F900DB5543 /* YouTubeiOSPlayerHelper in Frameworks */,
			);
			runOnlyForDeploymentPostprocessing = 0;
		};
/* End PBXFrameworksBuildPhase section */

/* Begin PBXGroup section */
		17C603852BD96306002258EB /* Utilities */ = {
			isa = PBXGroup;
			children = (
				17C603862BD96323002258EB /* DateFormatting.swift */,
			);
			path = Utilities;
			sourceTree = "<group>";
		};
		17D9133B2BC3FF7F0018CBE1 = {
			isa = PBXGroup;
			children = (
				17D913462BC3FF7F0018CBE1 /* MovieTVShowApp */,
				17D913452BC3FF7F0018CBE1 /* Products */,
			);
			sourceTree = "<group>";
		};
		17D913452BC3FF7F0018CBE1 /* Products */ = {
			isa = PBXGroup;
			children = (
				17D913442BC3FF7F0018CBE1 /* MovieTVShowApp.app */,
			);
			name = Products;
			sourceTree = "<group>";
		};
		17D913462BC3FF7F0018CBE1 /* MovieTVShowApp */ = {
			isa = PBXGroup;
			children = (
				17D913702BC400200018CBE1 /* App */,
				17D913712BC400660018CBE1 /* Navigation */,
				17D9138D2BC408DC0018CBE1 /* Models */,
				17D913762BC400BE0018CBE1 /* Services */,
				17D913F22BCE7BC70018CBE1 /* Header */,
				17D913852BC4060B0018CBE1 /* Cell */,
				17D913792BC401030018CBE1 /* Controllers */,
				17C603852BD96306002258EB /* Utilities */,
				17D913862BC4061E0018CBE1 /* Extensions */,
				17D913842BC405EB0018CBE1 /* Stroryboards */,
				17D9138C2BC406810018CBE1 /* Resources */,
				17D913552BC3FF800018CBE1 /* Info.plist */,
			);
			path = MovieTVShowApp;
			sourceTree = "<group>";
		};
		17D913702BC400200018CBE1 /* App */ = {
			isa = PBXGroup;
			children = (
				17D913472BC3FF7F0018CBE1 /* AppDelegate.swift */,
				17D913492BC3FF7F0018CBE1 /* SceneDelegate.swift */,
			);
			path = App;
			sourceTree = "<group>";
		};
		17D913712BC400660018CBE1 /* Navigation */ = {
			isa = PBXGroup;
			children = (
				17D913B02BC44EA90018CBE1 /* TabBarPage.swift */,
				17D913722BC4007F0018CBE1 /* Coordinator.swift */,
				17D913B22BC4515F0018CBE1 /* TabCoordinator.swift */,
				17D913742BC4008D0018CBE1 /* MediaCoordinator.swift */,
				17D913B62BC465990018CBE1 /* FavoritesCoordinator.swift */,
			);
			path = Navigation;
			sourceTree = "<group>";
		};
		17D913762BC400BE0018CBE1 /* Services */ = {
			isa = PBXGroup;
			children = (
				17D913A72BC429320018CBE1 /* Storage */,
				17D913A62BC429270018CBE1 /* Network */,
			);
			path = Services;
			sourceTree = "<group>";
		};
		17D913792BC401030018CBE1 /* Controllers */ = {
			isa = PBXGroup;
			children = (
				17D9137A2BC401100018CBE1 /* MovieTVShow */,
				17D9137B2BC4011C0018CBE1 /* Favorites */,
				17D9139D2BC419F90018CBE1 /* Details */,
			);
			path = Controllers;
			sourceTree = "<group>";
		};
		17D9137A2BC401100018CBE1 /* MovieTVShow */ = {
			isa = PBXGroup;
			children = (
				17D913A42BC4227E0018CBE1 /* MovieTVShowViewController.swift */,
				17D913822BC405AA0018CBE1 /* MovieTVShowViewController.storyboard */,
			);
			path = MovieTVShow;
			sourceTree = "<group>";
		};
		17D9137B2BC4011C0018CBE1 /* Favorites */ = {
			isa = PBXGroup;
			children = (
				17D9137C2BC405560018CBE1 /* FavoritesTableViewController.swift */,
				17D9137E2BC4056D0018CBE1 /* FavoritesTableViewController.storyboard */,
			);
			path = Favorites;
			sourceTree = "<group>";
		};
		17D913842BC405EB0018CBE1 /* Stroryboards */ = {
			isa = PBXGroup;
			children = (
				17D913522BC3FF800018CBE1 /* LaunchScreen.storyboard */,
			);
			path = Stroryboards;
			sourceTree = "<group>";
		};
		17D913852BC4060B0018CBE1 /* Cell */ = {
			isa = PBXGroup;
			children = (
				17D914072BCEE93A0018CBE1 /* TrailerDetailCell */,
				17D913F92BCE88230018CBE1 /* MovieTVShowCell */,
			);
			path = Cell;
			sourceTree = "<group>";
		};
		17D913862BC4061E0018CBE1 /* Extensions */ = {
			isa = PBXGroup;
			children = (
				17D913982BC416A40018CBE1 /* UIImageView */,
				17D9138B2BC406730018CBE1 /* UIView */,
				17D9138A2BC406680018CBE1 /* UITableView */,
				17D913872BC4063D0018CBE1 /* UIViewController */,
			);
			path = Extensions;
			sourceTree = "<group>";
		};
		17D913872BC4063D0018CBE1 /* UIViewController */ = {
			isa = PBXGroup;
			children = (
				17D913882BC406500018CBE1 /* UIViewController+Storyboarded.swift */,
			);
			path = UIViewController;
			sourceTree = "<group>";
		};
		17D9138A2BC406680018CBE1 /* UITableView */ = {
			isa = PBXGroup;
			children = (
				17D9139B2BC418DF0018CBE1 /* UITableView+Register.swift */,
			);
			path = UITableView;
			sourceTree = "<group>";
		};
		17D9138B2BC406730018CBE1 /* UIView */ = {
			isa = PBXGroup;
			children = (
				17D913962BC415180018CBE1 /* UIView+CornerRadius.swift */,
				17D913F72BCE80B20018CBE1 /* UIView+LoadXib.swift */,
			);
			path = UIView;
			sourceTree = "<group>";
		};
		17D9138C2BC406810018CBE1 /* Resources */ = {
			isa = PBXGroup;
			children = (
				17D913502BC3FF800018CBE1 /* Assets.xcassets */,
			);
			path = Resources;
			sourceTree = "<group>";
		};
		17D9138D2BC408DC0018CBE1 /* Models */ = {
			isa = PBXGroup;
			children = (
				17D9138E2BC408F40018CBE1 /* DataBase */,
				17D9138F2BC408FB0018CBE1 /* REST */,
			);
			path = Models;
			sourceTree = "<group>";
		};
		17D9138E2BC408F40018CBE1 /* DataBase */ = {
			isa = PBXGroup;
			children = (
				17D913C92BCD4D2F0018CBE1 /* Movie */,
				17D913CA2BCD4D3B0018CBE1 /* TVShow */,
			);
			path = DataBase;
			sourceTree = "<group>";
		};
		17D9138F2BC408FB0018CBE1 /* REST */ = {
			isa = PBXGroup;
			children = (
				17D913CB2BCD4D4E0018CBE1 /* Movie */,
				17D913CC2BCD4D550018CBE1 /* TVShow */,
			);
			path = REST;
			sourceTree = "<group>";
		};
		17D913982BC416A40018CBE1 /* UIImageView */ = {
			isa = PBXGroup;
			children = (
				17D913992BC416C50018CBE1 /* UIImageView+Load.swift */,
			);
			path = UIImageView;
			sourceTree = "<group>";
		};
		17D9139D2BC419F90018CBE1 /* Details */ = {
			isa = PBXGroup;
			children = (
				17D913C32BC6D18E0018CBE1 /* MovieDetails */,
				17D913C42BC6D19A0018CBE1 /* TVShowsDetails */,
			);
			path = Details;
			sourceTree = "<group>";
		};
		17D913A62BC429270018CBE1 /* Network */ = {
			isa = PBXGroup;
			children = (
				17D913772BC400DC0018CBE1 /* NetworkService.swift */,
				17D914032BCECE6C0018CBE1 /* Endpoint.swift */,
			);
			path = Network;
			sourceTree = "<group>";
		};
		17D913A72BC429320018CBE1 /* Storage */ = {
			isa = PBXGroup;
			children = (
				17D913A82BC4294E0018CBE1 /* StorageService.swift */,
				17D913AC2BC42B8D0018CBE1 /* StorageError.swift */,
			);
			path = Storage;
			sourceTree = "<group>";
		};
		17D913C32BC6D18E0018CBE1 /* MovieDetails */ = {
			isa = PBXGroup;
			children = (
				17D913A02BC41A680018CBE1 /* MovieDetailsViewController.swift */,
				17D914012BCE92A20018CBE1 /* MovieDetailsViewController.storyboard */,
			);
			path = MovieDetails;
			sourceTree = "<group>";
		};
		17D913C42BC6D19A0018CBE1 /* TVShowsDetails */ = {
			isa = PBXGroup;
			children = (
				17D913C52BC6D1E90018CBE1 /* TVShowDetailsViewController.swift */,
				17D913C72BC6D2080018CBE1 /* TVShowDetailsViewController.storyboard */,
			);
			path = TVShowsDetails;
			sourceTree = "<group>";
		};
		17D913C92BCD4D2F0018CBE1 /* Movie */ = {
			isa = PBXGroup;
			children = (
				17D913AA2BC429A70018CBE1 /* DBMovie.swift */,
			);
			path = Movie;
			sourceTree = "<group>";
		};
		17D913CA2BCD4D3B0018CBE1 /* TVShow */ = {
			isa = PBXGroup;
			children = (
				17D913BD2BC687EC0018CBE1 /* DBTVShow.swift */,
			);
			path = TVShow;
			sourceTree = "<group>";
		};
		17D913CB2BCD4D4E0018CBE1 /* Movie */ = {
			isa = PBXGroup;
			children = (
				17D913902BC4093D0018CBE1 /* Movie.swift */,
				17D913B42BC457260018CBE1 /* MovieDetails.swift */,
			);
			path = Movie;
			sourceTree = "<group>";
		};
		17D913CC2BCD4D550018CBE1 /* TVShow */ = {
			isa = PBXGroup;
			children = (
				17D913B82BC52D400018CBE1 /* TVShow.swift */,
				17D914052BCEE3180018CBE1 /* TVShowDetails.swift */,
			);
			path = TVShow;
			sourceTree = "<group>";
		};
		17D913F22BCE7BC70018CBE1 /* Header */ = {
			isa = PBXGroup;
			children = (
				17D913F32BCE7CCC0018CBE1 /* DetailsHeaderView.swift */,
				17D913F52BCE7D0D0018CBE1 /* DetailsHeaderView.xib */,
			);
			path = Header;
			sourceTree = "<group>";
		};
		17D913F92BCE88230018CBE1 /* MovieTVShowCell */ = {
			isa = PBXGroup;
			children = (
				17D913922BC412E60018CBE1 /* MovieTVShowTableViewCell.swift */,
				17D913932BC412E60018CBE1 /* MovieTVShowTableViewCell.xib */,
			);
			path = MovieTVShowCell;
			sourceTree = "<group>";
		};
		17D914072BCEE93A0018CBE1 /* TrailerDetailCell */ = {
			isa = PBXGroup;
			children = (
				17D9140C2BCEEC9E0018CBE1 /* TrailerDetailCell.swift */,
				17D914092BCEE9710018CBE1 /* TrailerDetailCell.xib */,
			);
			path = TrailerDetailCell;
			sourceTree = "<group>";
		};
/* End PBXGroup section */

/* Begin PBXNativeTarget section */
		17D913432BC3FF7F0018CBE1 /* MovieTVShowApp */ = {
			isa = PBXNativeTarget;
			buildConfigurationList = 17D913582BC3FF800018CBE1 /* Build configuration list for PBXNativeTarget "MovieTVShowApp" */;
			buildPhases = (
				17D913402BC3FF7F0018CBE1 /* Sources */,
				17D913412BC3FF7F0018CBE1 /* Frameworks */,
				17D913422BC3FF7F0018CBE1 /* Resources */,
				17A4DC1C2BDA8C2A00DB5543 /* Embed Frameworks */,
			);
			buildRules = (
			);
			dependencies = (
			);
			name = MovieTVShowApp;
			packageProductDependencies = (
				17A4DC072BDA848600DB5543 /* Alamofire */,
				17A4DC092BDA848600DB5543 /* AlamofireDynamic */,
				17A4DC0C2BDA851100DB5543 /* ProgressHUD */,
				17A4DC0F2BDA869800DB5543 /* Realm */,
				17A4DC112BDA869800DB5543 /* RealmSwift */,
				17A4DC142BDA87F900DB5543 /* YouTubeiOSPlayerHelper */,
				17A4DC172BDA887700DB5543 /* SDWebImage */,
				17A4DC192BDA887700DB5543 /* SDWebImageMapKit */,
			);
			productName = MovieTVShowApp;
			productReference = 17D913442BC3FF7F0018CBE1 /* MovieTVShowApp.app */;
			productType = "com.apple.product-type.application";
		};
/* End PBXNativeTarget section */

/* Begin PBXProject section */
		17D9133C2BC3FF7F0018CBE1 /* Project object */ = {
			isa = PBXProject;
			attributes = {
				BuildIndependentTargetsInParallel = 1;
				LastSwiftUpdateCheck = 1530;
				LastUpgradeCheck = 1530;
				TargetAttributes = {
					17D913432BC3FF7F0018CBE1 = {
						CreatedOnToolsVersion = 15.3;
					};
				};
			};
			buildConfigurationList = 17D9133F2BC3FF7F0018CBE1 /* Build configuration list for PBXProject "MovieTVShowApp" */;
			compatibilityVersion = "Xcode 14.0";
			developmentRegion = en;
			hasScannedForEncodings = 0;
			knownRegions = (
				en,
				Base,
			);
			mainGroup = 17D9133B2BC3FF7F0018CBE1;
			packageReferences = (
				17A4DC062BDA848600DB5543 /* XCRemoteSwiftPackageReference "Alamofire" */,
				17A4DC0B2BDA851100DB5543 /* XCRemoteSwiftPackageReference "ProgressHUD" */,
				17A4DC0E2BDA869800DB5543 /* XCRemoteSwiftPackageReference "realm-swift" */,
				17A4DC132BDA87F900DB5543 /* XCRemoteSwiftPackageReference "youtube-ios-player-helper" */,
				17A4DC162BDA887700DB5543 /* XCRemoteSwiftPackageReference "SDWebImage" */,
			);
			productRefGroup = 17D913452BC3FF7F0018CBE1 /* Products */;
			projectDirPath = "";
			projectRoot = "";
			targets = (
				17D913432BC3FF7F0018CBE1 /* MovieTVShowApp */,
			);
		};
/* End PBXProject section */

/* Begin PBXResourcesBuildPhase section */
		17D913422BC3FF7F0018CBE1 /* Resources */ = {
			isa = PBXResourcesBuildPhase;
			buildActionMask = 2147483647;
			files = (
				17D9140A2BCEE9720018CBE1 /* TrailerDetailCell.xib in Resources */,
				17D913F62BCE7D0D0018CBE1 /* DetailsHeaderView.xib in Resources */,
				17D9137F2BC4056D0018CBE1 /* FavoritesTableViewController.storyboard in Resources */,
				17D913C82BC6D2080018CBE1 /* TVShowDetailsViewController.storyboard in Resources */,
				17D913942BC412E60018CBE1 /* MovieTVShowTableViewCell.xib in Resources */,
				17D913512BC3FF800018CBE1 /* Assets.xcassets in Resources */,
				17D914022BCE92A20018CBE1 /* MovieDetailsViewController.storyboard in Resources */,
				17D913542BC3FF800018CBE1 /* Base in Resources */,
				17D913832BC405AA0018CBE1 /* MovieTVShowViewController.storyboard in Resources */,
			);
			runOnlyForDeploymentPostprocessing = 0;
		};
/* End PBXResourcesBuildPhase section */

/* Begin PBXSourcesBuildPhase section */
		17D913402BC3FF7F0018CBE1 /* Sources */ = {
			isa = PBXSourcesBuildPhase;
			buildActionMask = 2147483647;
			files = (
				17D913752BC4008D0018CBE1 /* MediaCoordinator.swift in Sources */,
				17D9140D2BCEEC9E0018CBE1 /* TrailerDetailCell.swift in Sources */,
				17D914042BCECE6C0018CBE1 /* Endpoint.swift in Sources */,
				17D913B72BC465990018CBE1 /* FavoritesCoordinator.swift in Sources */,
				17D913732BC4007F0018CBE1 /* Coordinator.swift in Sources */,
				17D9139C2BC418DF0018CBE1 /* UITableView+Register.swift in Sources */,
				17D913B92BC52D400018CBE1 /* TVShow.swift in Sources */,
				17D913B52BC457260018CBE1 /* MovieDetails.swift in Sources */,
				17D913B32BC4515F0018CBE1 /* TabCoordinator.swift in Sources */,
				17D9139A2BC416C50018CBE1 /* UIImageView+Load.swift in Sources */,
				17D913892BC406500018CBE1 /* UIViewController+Storyboarded.swift in Sources */,
				17D913912BC4093D0018CBE1 /* Movie.swift in Sources */,
				17D913B12BC44EA90018CBE1 /* TabBarPage.swift in Sources */,
				17D913A52BC4227E0018CBE1 /* MovieTVShowViewController.swift in Sources */,
				17D913482BC3FF7F0018CBE1 /* AppDelegate.swift in Sources */,
				17D913782BC400DC0018CBE1 /* NetworkService.swift in Sources */,
				17D913F42BCE7CCC0018CBE1 /* DetailsHeaderView.swift in Sources */,
				17D9137D2BC405560018CBE1 /* FavoritesTableViewController.swift in Sources */,
				17D913A92BC4294E0018CBE1 /* StorageService.swift in Sources */,
				17D914062BCEE3180018CBE1 /* TVShowDetails.swift in Sources */,
				17D913AD2BC42B8D0018CBE1 /* StorageError.swift in Sources */,
				17D913F82BCE80B20018CBE1 /* UIView+LoadXib.swift in Sources */,
				17D913972BC415180018CBE1 /* UIView+CornerRadius.swift in Sources */,
				17D913952BC412E60018CBE1 /* MovieTVShowTableViewCell.swift in Sources */,
				17D9134A2BC3FF7F0018CBE1 /* SceneDelegate.swift in Sources */,
				17D913C62BC6D1E90018CBE1 /* TVShowDetailsViewController.swift in Sources */,
				17D913BE2BC687EC0018CBE1 /* DBTVShow.swift in Sources */,
				17D913AB2BC429A70018CBE1 /* DBMovie.swift in Sources */,
				17C603872BD96323002258EB /* DateFormatting.swift in Sources */,
				17D913A12BC41A680018CBE1 /* MovieDetailsViewController.swift in Sources */,
			);
			runOnlyForDeploymentPostprocessing = 0;
		};
/* End PBXSourcesBuildPhase section */

/* Begin PBXVariantGroup section */
		17D913522BC3FF800018CBE1 /* LaunchScreen.storyboard */ = {
			isa = PBXVariantGroup;
			children = (
				17D913532BC3FF800018CBE1 /* Base */,
			);
			name = LaunchScreen.storyboard;
			sourceTree = "<group>";
		};
/* End PBXVariantGroup section */

/* Begin XCBuildConfiguration section */
		17D913562BC3FF800018CBE1 /* Debug */ = {
			isa = XCBuildConfiguration;
			buildSettings = {
				ALWAYS_SEARCH_USER_PATHS = NO;
				ASSETCATALOG_COMPILER_GENERATE_SWIFT_ASSET_SYMBOL_EXTENSIONS = YES;
				CLANG_ANALYZER_NONNULL = YES;
				CLANG_ANALYZER_NUMBER_OBJECT_CONVERSION = YES_AGGRESSIVE;
				CLANG_CXX_LANGUAGE_STANDARD = "gnu++20";
				CLANG_ENABLE_MODULES = YES;
				CLANG_ENABLE_OBJC_ARC = YES;
				CLANG_ENABLE_OBJC_WEAK = YES;
				CLANG_WARN_BLOCK_CAPTURE_AUTORELEASING = YES;
				CLANG_WARN_BOOL_CONVERSION = YES;
				CLANG_WARN_COMMA = YES;
				CLANG_WARN_CONSTANT_CONVERSION = YES;
				CLANG_WARN_DEPRECATED_OBJC_IMPLEMENTATIONS = YES;
				CLANG_WARN_DIRECT_OBJC_ISA_USAGE = YES_ERROR;
				CLANG_WARN_DOCUMENTATION_COMMENTS = YES;
				CLANG_WARN_EMPTY_BODY = YES;
				CLANG_WARN_ENUM_CONVERSION = YES;
				CLANG_WARN_INFINITE_RECURSION = YES;
				CLANG_WARN_INT_CONVERSION = YES;
				CLANG_WARN_NON_LITERAL_NULL_CONVERSION = YES;
				CLANG_WARN_OBJC_IMPLICIT_RETAIN_SELF = YES;
				CLANG_WARN_OBJC_LITERAL_CONVERSION = YES;
				CLANG_WARN_OBJC_ROOT_CLASS = YES_ERROR;
				CLANG_WARN_QUOTED_INCLUDE_IN_FRAMEWORK_HEADER = YES;
				CLANG_WARN_RANGE_LOOP_ANALYSIS = YES;
				CLANG_WARN_STRICT_PROTOTYPES = YES;
				CLANG_WARN_SUSPICIOUS_MOVE = YES;
				CLANG_WARN_UNGUARDED_AVAILABILITY = YES_AGGRESSIVE;
				CLANG_WARN_UNREACHABLE_CODE = YES;
				CLANG_WARN__DUPLICATE_METHOD_MATCH = YES;
				COPY_PHASE_STRIP = NO;
				DEBUG_INFORMATION_FORMAT = dwarf;
				ENABLE_STRICT_OBJC_MSGSEND = YES;
				ENABLE_TESTABILITY = YES;
				ENABLE_USER_SCRIPT_SANDBOXING = YES;
				GCC_C_LANGUAGE_STANDARD = gnu17;
				GCC_DYNAMIC_NO_PIC = NO;
				GCC_NO_COMMON_BLOCKS = YES;
				GCC_OPTIMIZATION_LEVEL = 0;
				GCC_PREPROCESSOR_DEFINITIONS = (
					"DEBUG=1",
					"$(inherited)",
				);
				GCC_WARN_64_TO_32_BIT_CONVERSION = YES;
				GCC_WARN_ABOUT_RETURN_TYPE = YES_ERROR;
				GCC_WARN_UNDECLARED_SELECTOR = YES;
				GCC_WARN_UNINITIALIZED_AUTOS = YES_AGGRESSIVE;
				GCC_WARN_UNUSED_FUNCTION = YES;
				GCC_WARN_UNUSED_VARIABLE = YES;
				INFOPLIST_KEY_UILaunchScreen_Generation = NO;
				INFOPLIST_KEY_UILaunchStoryboardName = "";
				IPHONEOS_DEPLOYMENT_TARGET = 16.0;
				LOCALIZATION_PREFERS_STRING_CATALOGS = YES;
				MTL_ENABLE_DEBUG_INFO = INCLUDE_SOURCE;
				MTL_FAST_MATH = YES;
				ONLY_ACTIVE_ARCH = YES;
				SDKROOT = iphoneos;
				SWIFT_ACTIVE_COMPILATION_CONDITIONS = "DEBUG $(inherited)";
				SWIFT_OPTIMIZATION_LEVEL = "-Onone";
			};
			name = Debug;
		};
		17D913572BC3FF800018CBE1 /* Release */ = {
			isa = XCBuildConfiguration;
			buildSettings = {
				ALWAYS_SEARCH_USER_PATHS = NO;
				ASSETCATALOG_COMPILER_GENERATE_SWIFT_ASSET_SYMBOL_EXTENSIONS = YES;
				CLANG_ANALYZER_NONNULL = YES;
				CLANG_ANALYZER_NUMBER_OBJECT_CONVERSION = YES_AGGRESSIVE;
				CLANG_CXX_LANGUAGE_STANDARD = "gnu++20";
				CLANG_ENABLE_MODULES = YES;
				CLANG_ENABLE_OBJC_ARC = YES;
				CLANG_ENABLE_OBJC_WEAK = YES;
				CLANG_WARN_BLOCK_CAPTURE_AUTORELEASING = YES;
				CLANG_WARN_BOOL_CONVERSION = YES;
				CLANG_WARN_COMMA = YES;
				CLANG_WARN_CONSTANT_CONVERSION = YES;
				CLANG_WARN_DEPRECATED_OBJC_IMPLEMENTATIONS = YES;
				CLANG_WARN_DIRECT_OBJC_ISA_USAGE = YES_ERROR;
				CLANG_WARN_DOCUMENTATION_COMMENTS = YES;
				CLANG_WARN_EMPTY_BODY = YES;
				CLANG_WARN_ENUM_CONVERSION = YES;
				CLANG_WARN_INFINITE_RECURSION = YES;
				CLANG_WARN_INT_CONVERSION = YES;
				CLANG_WARN_NON_LITERAL_NULL_CONVERSION = YES;
				CLANG_WARN_OBJC_IMPLICIT_RETAIN_SELF = YES;
				CLANG_WARN_OBJC_LITERAL_CONVERSION = YES;
				CLANG_WARN_OBJC_ROOT_CLASS = YES_ERROR;
				CLANG_WARN_QUOTED_INCLUDE_IN_FRAMEWORK_HEADER = YES;
				CLANG_WARN_RANGE_LOOP_ANALYSIS = YES;
				CLANG_WARN_STRICT_PROTOTYPES = YES;
				CLANG_WARN_SUSPICIOUS_MOVE = YES;
				CLANG_WARN_UNGUARDED_AVAILABILITY = YES_AGGRESSIVE;
				CLANG_WARN_UNREACHABLE_CODE = YES;
				CLANG_WARN__DUPLICATE_METHOD_MATCH = YES;
				COPY_PHASE_STRIP = NO;
				DEBUG_INFORMATION_FORMAT = "dwarf-with-dsym";
				ENABLE_NS_ASSERTIONS = NO;
				ENABLE_STRICT_OBJC_MSGSEND = YES;
				ENABLE_USER_SCRIPT_SANDBOXING = YES;
				GCC_C_LANGUAGE_STANDARD = gnu17;
				GCC_NO_COMMON_BLOCKS = YES;
				GCC_WARN_64_TO_32_BIT_CONVERSION = YES;
				GCC_WARN_ABOUT_RETURN_TYPE = YES_ERROR;
				GCC_WARN_UNDECLARED_SELECTOR = YES;
				GCC_WARN_UNINITIALIZED_AUTOS = YES_AGGRESSIVE;
				GCC_WARN_UNUSED_FUNCTION = YES;
				GCC_WARN_UNUSED_VARIABLE = YES;
				INFOPLIST_KEY_UILaunchScreen_Generation = NO;
				INFOPLIST_KEY_UILaunchStoryboardName = "";
				IPHONEOS_DEPLOYMENT_TARGET = 16.0;
				LOCALIZATION_PREFERS_STRING_CATALOGS = YES;
				MTL_ENABLE_DEBUG_INFO = NO;
				MTL_FAST_MATH = YES;
				SDKROOT = iphoneos;
				SWIFT_COMPILATION_MODE = wholemodule;
				VALIDATE_PRODUCT = YES;
			};
			name = Release;
		};
		17D913592BC3FF800018CBE1 /* Debug */ = {
			isa = XCBuildConfiguration;
			buildSettings = {
				ASSETCATALOG_COMPILER_APPICON_NAME = AppIcon;
				ASSETCATALOG_COMPILER_GLOBAL_ACCENT_COLOR_NAME = AccentColor;
				ASSETCATALOG_COMPILER_INCLUDE_ALL_APPICON_ASSETS = YES;
				CODE_SIGN_STYLE = Automatic;
				CURRENT_PROJECT_VERSION = 1;
				DEVELOPMENT_TEAM = 8W4FA6WHSL;
				GENERATE_INFOPLIST_FILE = YES;
				INFOPLIST_FILE = MovieTVShowApp/Info.plist;
				INFOPLIST_KEY_UIApplicationSupportsIndirectInputEvents = YES;
				INFOPLIST_KEY_UILaunchStoryboardName = LaunchScreen;
				INFOPLIST_KEY_UISupportedInterfaceOrientations = UIInterfaceOrientationPortrait;
				INFOPLIST_KEY_UISupportedInterfaceOrientations_iPad = "UIInterfaceOrientationLandscapeLeft UIInterfaceOrientationLandscapeRight UIInterfaceOrientationPortrait UIInterfaceOrientationPortraitUpsideDown";
				IPHONEOS_DEPLOYMENT_TARGET = 16.0;
				LD_RUNPATH_SEARCH_PATHS = (
					"$(inherited)",
					"@executable_path/Frameworks",
				);
				MARKETING_VERSION = 1.0;
				PRODUCT_BUNDLE_IDENTIFIER = FT.MovieTVShowApp;
				PRODUCT_NAME = "$(TARGET_NAME)";
				SUPPORTED_PLATFORMS = "iphoneos iphonesimulator";
				SUPPORTS_MACCATALYST = NO;
				SUPPORTS_MAC_DESIGNED_FOR_IPHONE_IPAD = NO;
				SUPPORTS_XR_DESIGNED_FOR_IPHONE_IPAD = NO;
				SWIFT_EMIT_LOC_STRINGS = YES;
				SWIFT_VERSION = 5.0;
				TARGETED_DEVICE_FAMILY = 1;
			};
			name = Debug;
		};
		17D9135A2BC3FF800018CBE1 /* Release */ = {
			isa = XCBuildConfiguration;
			buildSettings = {
				ASSETCATALOG_COMPILER_APPICON_NAME = AppIcon;
				ASSETCATALOG_COMPILER_GLOBAL_ACCENT_COLOR_NAME = AccentColor;
				ASSETCATALOG_COMPILER_INCLUDE_ALL_APPICON_ASSETS = YES;
				CODE_SIGN_STYLE = Automatic;
				CURRENT_PROJECT_VERSION = 1;
				DEVELOPMENT_TEAM = 8W4FA6WHSL;
				GENERATE_INFOPLIST_FILE = YES;
				INFOPLIST_FILE = MovieTVShowApp/Info.plist;
				INFOPLIST_KEY_UIApplicationSupportsIndirectInputEvents = YES;
				INFOPLIST_KEY_UILaunchStoryboardName = LaunchScreen;
				INFOPLIST_KEY_UISupportedInterfaceOrientations = UIInterfaceOrientationPortrait;
				INFOPLIST_KEY_UISupportedInterfaceOrientations_iPad = "UIInterfaceOrientationLandscapeLeft UIInterfaceOrientationLandscapeRight UIInterfaceOrientationPortrait UIInterfaceOrientationPortraitUpsideDown";
				IPHONEOS_DEPLOYMENT_TARGET = 16.0;
				LD_RUNPATH_SEARCH_PATHS = (
					"$(inherited)",
					"@executable_path/Frameworks",
				);
				MARKETING_VERSION = 1.0;
				PRODUCT_BUNDLE_IDENTIFIER = FT.MovieTVShowApp;
				PRODUCT_NAME = "$(TARGET_NAME)";
				SUPPORTED_PLATFORMS = "iphoneos iphonesimulator";
				SUPPORTS_MACCATALYST = NO;
				SUPPORTS_MAC_DESIGNED_FOR_IPHONE_IPAD = NO;
				SUPPORTS_XR_DESIGNED_FOR_IPHONE_IPAD = NO;
				SWIFT_EMIT_LOC_STRINGS = YES;
				SWIFT_VERSION = 5.0;
				TARGETED_DEVICE_FAMILY = 1;
			};
			name = Release;
		};
/* End XCBuildConfiguration section */

/* Begin XCConfigurationList section */
		17D9133F2BC3FF7F0018CBE1 /* Build configuration list for PBXProject "MovieTVShowApp" */ = {
			isa = XCConfigurationList;
			buildConfigurations = (
				17D913562BC3FF800018CBE1 /* Debug */,
				17D913572BC3FF800018CBE1 /* Release */,
			);
			defaultConfigurationIsVisible = 0;
			defaultConfigurationName = Release;
		};
		17D913582BC3FF800018CBE1 /* Build configuration list for PBXNativeTarget "MovieTVShowApp" */ = {
			isa = XCConfigurationList;
			buildConfigurations = (
				17D913592BC3FF800018CBE1 /* Debug */,
				17D9135A2BC3FF800018CBE1 /* Release */,
			);
			defaultConfigurationIsVisible = 0;
			defaultConfigurationName = Release;
		};
/* End XCConfigurationList section */

/* Begin XCRemoteSwiftPackageReference section */
		17A4DC062BDA848600DB5543 /* XCRemoteSwiftPackageReference "Alamofire" */ = {
			isa = XCRemoteSwiftPackageReference;
			repositoryURL = "https://github.com/Alamofire/Alamofire.git";
			requirement = {
				kind = upToNextMajorVersion;
				minimumVersion = 5.9.1;
			};
		};
		17A4DC0B2BDA851100DB5543 /* XCRemoteSwiftPackageReference "ProgressHUD" */ = {
			isa = XCRemoteSwiftPackageReference;
			repositoryURL = "https://github.com/relatedcode/ProgressHUD.git";
			requirement = {
				kind = upToNextMajorVersion;
				minimumVersion = 14.1.1;
			};
		};
		17A4DC0E2BDA869800DB5543 /* XCRemoteSwiftPackageReference "realm-swift" */ = {
			isa = XCRemoteSwiftPackageReference;
			repositoryURL = "https://github.com/realm/realm-swift.git";
			requirement = {
				kind = upToNextMajorVersion;
				minimumVersion = 10.49.2;
			};
		};
		17A4DC132BDA87F900DB5543 /* XCRemoteSwiftPackageReference "youtube-ios-player-helper" */ = {
			isa = XCRemoteSwiftPackageReference;
			repositoryURL = "https://github.com/youtube/youtube-ios-player-helper.git";
			requirement = {
				kind = upToNextMajorVersion;
				minimumVersion = 1.0.4;
			};
		};
		17A4DC162BDA887700DB5543 /* XCRemoteSwiftPackageReference "SDWebImage" */ = {
			isa = XCRemoteSwiftPackageReference;
			repositoryURL = "https://github.com/SDWebImage/SDWebImage.git";
			requirement = {
				kind = upToNextMajorVersion;
				minimumVersion = 5.19.1;
			};
		};
/* End XCRemoteSwiftPackageReference section */

/* Begin XCSwiftPackageProductDependency section */
		17A4DC072BDA848600DB5543 /* Alamofire */ = {
			isa = XCSwiftPackageProductDependency;
			package = 17A4DC062BDA848600DB5543 /* XCRemoteSwiftPackageReference "Alamofire" */;
			productName = Alamofire;
		};
		17A4DC092BDA848600DB5543 /* AlamofireDynamic */ = {
			isa = XCSwiftPackageProductDependency;
			package = 17A4DC062BDA848600DB5543 /* XCRemoteSwiftPackageReference "Alamofire" */;
			productName = AlamofireDynamic;
		};
		17A4DC0C2BDA851100DB5543 /* ProgressHUD */ = {
			isa = XCSwiftPackageProductDependency;
			package = 17A4DC0B2BDA851100DB5543 /* XCRemoteSwiftPackageReference "ProgressHUD" */;
			productName = ProgressHUD;
		};
		17A4DC0F2BDA869800DB5543 /* Realm */ = {
			isa = XCSwiftPackageProductDependency;
			package = 17A4DC0E2BDA869800DB5543 /* XCRemoteSwiftPackageReference "realm-swift" */;
			productName = Realm;
		};
		17A4DC112BDA869800DB5543 /* RealmSwift */ = {
			isa = XCSwiftPackageProductDependency;
			package = 17A4DC0E2BDA869800DB5543 /* XCRemoteSwiftPackageReference "realm-swift" */;
			productName = RealmSwift;
		};
		17A4DC142BDA87F900DB5543 /* YouTubeiOSPlayerHelper */ = {
			isa = XCSwiftPackageProductDependency;
			package = 17A4DC132BDA87F900DB5543 /* XCRemoteSwiftPackageReference "youtube-ios-player-helper" */;
			productName = YouTubeiOSPlayerHelper;
		};
		17A4DC172BDA887700DB5543 /* SDWebImage */ = {
			isa = XCSwiftPackageProductDependency;
			package = 17A4DC162BDA887700DB5543 /* XCRemoteSwiftPackageReference "SDWebImage" */;
			productName = SDWebImage;
		};
		17A4DC192BDA887700DB5543 /* SDWebImageMapKit */ = {
			isa = XCSwiftPackageProductDependency;
			package = 17A4DC162BDA887700DB5543 /* XCRemoteSwiftPackageReference "SDWebImage" */;
			productName = SDWebImageMapKit;
		};
/* End XCSwiftPackageProductDependency section */
	};
	rootObject = 17D9133C2BC3FF7F0018CBE1 /* Project object */;
}
